
Microsoft Visual Studio Solution File, Format Version 12.00
# Visual Studio 15
VisualStudioVersion = 15.0.28307.1778
MinimumVisualStudioVersion = 10.0.40219.1
Project("{FAE04EC0-301F-11D3-BF4B-00C04F79EFBC}") = "WebApplication1", "WebApplication1.csproj", "{1DA39A9E-E36F-4565-9778-E3882CDDB09A}"
EndProject
Project("{FAE04EC0-301F-11D3-BF4B-00C04F79EFBC}") = "api", "..\..\..\api\api\api\api\api.csproj", "{ED135B7B-678E-4168-A6A5-DB8AE95EDB8F}"
EndProject
Global
	GlobalSection(SolutionConfigurationPlatforms) = preSolution
		Debug|Any CPU = Debug|Any CPU
		Release|Any CPU = Release|Any CPU
	EndGlobalSection
	GlobalSection(ProjectConfigurationPlatforms) = postSolution
		{1DA39A9E-E36F-4565-9778-E3882CDDB09A}.Debug|Any CPU.ActiveCfg = Debug|Any CPU
		{1DA39A9E-E36F-4565-9778-E3882CDDB09A}.Debug|Any CPU.Build.0 = Debug|Any CPU
		{1DA39A9E-E36F-4565-9778-E3882CDDB09A}.Release|Any CPU.ActiveCfg = Release|Any CPU
		{1DA39A9E-E36F-4565-9778-E3882CDDB09A}.Release|Any CPU.Build.0 = Release|Any CPU
		{ED135B7B-678E-4168-A6A5-DB8AE95EDB8F}.Debug|Any CPU.ActiveCfg = Debug|Any CPU
		{ED135B7B-678E-4168-A6A5-DB8AE95EDB8F}.Debug|Any CPU.Build.0 = Debug|Any CPU
		{ED135B7B-678E-4168-A6A5-DB8AE95EDB8F}.Release|Any CPU.ActiveCfg = Release|Any CPU
		{ED135B7B-678E-4168-A6A5-DB8AE95EDB8F}.Release|Any CPU.Build.0 = Release|Any CPU
	EndGlobalSection
	GlobalSection(SolutionProperties) = preSolution
		HideSolutionNode = FALSE
	EndGlobalSection
	GlobalSection(ExtensibilityGlobals) = postSolution
		SolutionGuid = {F2D14522-1EE4-4B96-B3C5-9EE080458DED}
	EndGlobalSection
EndGlobal
